// !$*UTF8*$!
{
	archiveVersion = 1;
	classes = {
	};
	objectVersion = 50;
	objects = {

/* Begin PBXBuildFile section */
		B961823F2285893F00957141 /* AppDelegate.swift in Sources */ = {isa = PBXBuildFile; fileRef = B961823E2285893F00957141 /* AppDelegate.swift */; };
		B96182492285894100957141 /* LaunchScreen.storyboard in Resources */ = {isa = PBXBuildFile; fileRef = B96182472285894100957141 /* LaunchScreen.storyboard */; };
		B96182542285894100957141 /* ContactTests.swift in Sources */ = {isa = PBXBuildFile; fileRef = B96182532285894100957141 /* ContactTests.swift */; };
		B961825F2285894100957141 /* ContactUITests.swift in Sources */ = {isa = PBXBuildFile; fileRef = B961825E2285894100957141 /* ContactUITests.swift */; };
		B961826E228589D100957141 /* Coordinator.swift in Sources */ = {isa = PBXBuildFile; fileRef = B961826D228589D100957141 /* Coordinator.swift */; };
		B961827022858A1D00957141 /* ApplicationCoordinator.swift in Sources */ = {isa = PBXBuildFile; fileRef = B961826F22858A1D00957141 /* ApplicationCoordinator.swift */; };
		B96182732285938300957141 /* ContactsTableViewController.swift in Sources */ = {isa = PBXBuildFile; fileRef = B96182712285938300957141 /* ContactsTableViewController.swift */; };
		B96182742285938300957141 /* ContactsTableViewController.xib in Resources */ = {isa = PBXBuildFile; fileRef = B96182722285938300957141 /* ContactsTableViewController.xib */; };
		B96182782285941200957141 /* ContactModel.swift in Sources */ = {isa = PBXBuildFile; fileRef = B96182772285941200957141 /* ContactModel.swift */; };
		B961827A228594CB00957141 /* ContactViewModel.swift in Sources */ = {isa = PBXBuildFile; fileRef = B9618279228594CB00957141 /* ContactViewModel.swift */; };
		B961827D2285962D00957141 /* ContactCoordinator.swift in Sources */ = {isa = PBXBuildFile; fileRef = B961827C2285962D00957141 /* ContactCoordinator.swift */; };
		B961827F2285B86800957141 /* ContactNetworkManager.swift in Sources */ = {isa = PBXBuildFile; fileRef = B961827E2285B86800957141 /* ContactNetworkManager.swift */; };
		B96182822285D48100957141 /* ContactTableViewCell.swift in Sources */ = {isa = PBXBuildFile; fileRef = B96182812285D48100957141 /* ContactTableViewCell.swift */; };
		B96182842285D5C000957141 /* Media.xcassets in Resources */ = {isa = PBXBuildFile; fileRef = B96182832285D5C000957141 /* Media.xcassets */; };
		B96182862285DCCD00957141 /* CicularImageView.swift in Sources */ = {isa = PBXBuildFile; fileRef = B96182852285DCCD00957141 /* CicularImageView.swift */; };
		B96182892285FF1100957141 /* ImageViewExtension.swift in Sources */ = {isa = PBXBuildFile; fileRef = B96182882285FF1100957141 /* ImageViewExtension.swift */; };
		B961828C22860A3900957141 /* ContactDetailViewController.swift in Sources */ = {isa = PBXBuildFile; fileRef = B961828A22860A3900957141 /* ContactDetailViewController.swift */; };
		B961828D22860A3900957141 /* ContactDetailViewController.xib in Resources */ = {isa = PBXBuildFile; fileRef = B961828B22860A3900957141 /* ContactDetailViewController.xib */; };
		B961828F22860A6500957141 /* ContactDetailCoordinator.swift in Sources */ = {isa = PBXBuildFile; fileRef = B961828E22860A6500957141 /* ContactDetailCoordinator.swift */; };
		B96182912286C2D500957141 /* ContactDetailModel.swift in Sources */ = {isa = PBXBuildFile; fileRef = B96182902286C2D500957141 /* ContactDetailModel.swift */; };
		B96182932286C41200957141 /* ContactDetailViewModel.swift in Sources */ = {isa = PBXBuildFile; fileRef = B96182922286C41200957141 /* ContactDetailViewModel.swift */; };
		B9618297228702F500957141 /* Assets.xcassets in Resources */ = {isa = PBXBuildFile; fileRef = B9618296228702F500957141 /* Assets.xcassets */; };
		B961829A2287036400957141 /* TitleDescriptionTableViewCell.swift in Sources */ = {isa = PBXBuildFile; fileRef = B96182982287036400957141 /* TitleDescriptionTableViewCell.swift */; };
		B961829B2287036400957141 /* TitleDescriptionTableViewCell.xib in Resources */ = {isa = PBXBuildFile; fileRef = B96182992287036400957141 /* TitleDescriptionTableViewCell.xib */; };
		B961829D22870B3200957141 /* ImageExtension.swift in Sources */ = {isa = PBXBuildFile; fileRef = B961829C22870B3200957141 /* ImageExtension.swift */; };
		B96182A02287EA9B00957141 /* AddOrUpdateContactViewController.swift in Sources */ = {isa = PBXBuildFile; fileRef = B961829E2287EA9B00957141 /* AddOrUpdateContactViewController.swift */; };
		B96182A12287EA9B00957141 /* AddOrUpdateContactViewController.xib in Resources */ = {isa = PBXBuildFile; fileRef = B961829F2287EA9B00957141 /* AddOrUpdateContactViewController.xib */; };
		B96182A32287EFCB00957141 /* AddOrUpdateContactCoordinator.swift in Sources */ = {isa = PBXBuildFile; fileRef = B96182A22287EFCB00957141 /* AddOrUpdateContactCoordinator.swift */; };
		B96182A622882C3C00957141 /* AddUpdateTableViewCell.swift in Sources */ = {isa = PBXBuildFile; fileRef = B96182A422882C3C00957141 /* AddUpdateTableViewCell.swift */; };
		B96182A722882C3C00957141 /* AddUpdateTableViewCell.xib in Resources */ = {isa = PBXBuildFile; fileRef = B96182A522882C3C00957141 /* AddUpdateTableViewCell.xib */; };
/* End PBXBuildFile section */

/* Begin PBXContainerItemProxy section */
		B96182502285894100957141 /* PBXContainerItemProxy */ = {
			isa = PBXContainerItemProxy;
			containerPortal = B96182332285893F00957141 /* Project object */;
			proxyType = 1;
			remoteGlobalIDString = B961823A2285893F00957141;
			remoteInfo = Contact;
		};
		B961825B2285894100957141 /* PBXContainerItemProxy */ = {
			isa = PBXContainerItemProxy;
			containerPortal = B96182332285893F00957141 /* Project object */;
			proxyType = 1;
			remoteGlobalIDString = B961823A2285893F00957141;
			remoteInfo = Contact;
		};
/* End PBXContainerItemProxy section */

/* Begin PBXFileReference section */
		B961823B2285893F00957141 /* Contact.app */ = {isa = PBXFileReference; explicitFileType = wrapper.application; includeInIndex = 0; path = Contact.app; sourceTree = BUILT_PRODUCTS_DIR; };
		B961823E2285893F00957141 /* AppDelegate.swift */ = {isa = PBXFileReference; lastKnownFileType = sourcecode.swift; path = AppDelegate.swift; sourceTree = "<group>"; };
		B96182482285894100957141 /* Base */ = {isa = PBXFileReference; lastKnownFileType = file.storyboard; name = Base; path = Base.lproj/LaunchScreen.storyboard; sourceTree = "<group>"; };
		B961824A2285894100957141 /* Info.plist */ = {isa = PBXFileReference; lastKnownFileType = text.plist.xml; path = Info.plist; sourceTree = "<group>"; };
		B961824F2285894100957141 /* ContactTests.xctest */ = {isa = PBXFileReference; explicitFileType = wrapper.cfbundle; includeInIndex = 0; path = ContactTests.xctest; sourceTree = BUILT_PRODUCTS_DIR; };
		B96182532285894100957141 /* ContactTests.swift */ = {isa = PBXFileReference; lastKnownFileType = sourcecode.swift; path = ContactTests.swift; sourceTree = "<group>"; };
		B96182552285894100957141 /* Info.plist */ = {isa = PBXFileReference; lastKnownFileType = text.plist.xml; path = Info.plist; sourceTree = "<group>"; };
		B961825A2285894100957141 /* ContactUITests.xctest */ = {isa = PBXFileReference; explicitFileType = wrapper.cfbundle; includeInIndex = 0; path = ContactUITests.xctest; sourceTree = BUILT_PRODUCTS_DIR; };
		B961825E2285894100957141 /* ContactUITests.swift */ = {isa = PBXFileReference; lastKnownFileType = sourcecode.swift; path = ContactUITests.swift; sourceTree = "<group>"; };
		B96182602285894100957141 /* Info.plist */ = {isa = PBXFileReference; lastKnownFileType = text.plist.xml; path = Info.plist; sourceTree = "<group>"; };
		B961826D228589D100957141 /* Coordinator.swift */ = {isa = PBXFileReference; lastKnownFileType = sourcecode.swift; path = Coordinator.swift; sourceTree = "<group>"; };
		B961826F22858A1D00957141 /* ApplicationCoordinator.swift */ = {isa = PBXFileReference; lastKnownFileType = sourcecode.swift; path = ApplicationCoordinator.swift; sourceTree = "<group>"; };
		B96182712285938300957141 /* ContactsTableViewController.swift */ = {isa = PBXFileReference; lastKnownFileType = sourcecode.swift; path = ContactsTableViewController.swift; sourceTree = "<group>"; };
		B96182722285938300957141 /* ContactsTableViewController.xib */ = {isa = PBXFileReference; lastKnownFileType = file.xib; path = ContactsTableViewController.xib; sourceTree = "<group>"; };
		B96182772285941200957141 /* ContactModel.swift */ = {isa = PBXFileReference; lastKnownFileType = sourcecode.swift; path = ContactModel.swift; sourceTree = "<group>"; };
		B9618279228594CB00957141 /* ContactViewModel.swift */ = {isa = PBXFileReference; lastKnownFileType = sourcecode.swift; path = ContactViewModel.swift; sourceTree = "<group>"; };
		B961827C2285962D00957141 /* ContactCoordinator.swift */ = {isa = PBXFileReference; lastKnownFileType = sourcecode.swift; path = ContactCoordinator.swift; sourceTree = "<group>"; };
		B961827E2285B86800957141 /* ContactNetworkManager.swift */ = {isa = PBXFileReference; lastKnownFileType = sourcecode.swift; path = ContactNetworkManager.swift; sourceTree = "<group>"; };
		B96182812285D48100957141 /* ContactTableViewCell.swift */ = {isa = PBXFileReference; lastKnownFileType = sourcecode.swift; path = ContactTableViewCell.swift; sourceTree = "<group>"; };
		B96182832285D5C000957141 /* Media.xcassets */ = {isa = PBXFileReference; lastKnownFileType = folder.assetcatalog; path = Media.xcassets; sourceTree = "<group>"; };
		B96182852285DCCD00957141 /* CicularImageView.swift */ = {isa = PBXFileReference; lastKnownFileType = sourcecode.swift; path = CicularImageView.swift; sourceTree = "<group>"; };
		B96182882285FF1100957141 /* ImageViewExtension.swift */ = {isa = PBXFileReference; lastKnownFileType = sourcecode.swift; path = ImageViewExtension.swift; sourceTree = "<group>"; };
		B961828A22860A3900957141 /* ContactDetailViewController.swift */ = {isa = PBXFileReference; lastKnownFileType = sourcecode.swift; path = ContactDetailViewController.swift; sourceTree = "<group>"; };
		B961828B22860A3900957141 /* ContactDetailViewController.xib */ = {isa = PBXFileReference; lastKnownFileType = file.xib; path = ContactDetailViewController.xib; sourceTree = "<group>"; };
		B961828E22860A6500957141 /* ContactDetailCoordinator.swift */ = {isa = PBXFileReference; lastKnownFileType = sourcecode.swift; path = ContactDetailCoordinator.swift; sourceTree = "<group>"; };
		B96182902286C2D500957141 /* ContactDetailModel.swift */ = {isa = PBXFileReference; lastKnownFileType = sourcecode.swift; path = ContactDetailModel.swift; sourceTree = "<group>"; };
		B96182922286C41200957141 /* ContactDetailViewModel.swift */ = {isa = PBXFileReference; lastKnownFileType = sourcecode.swift; path = ContactDetailViewModel.swift; sourceTree = "<group>"; };
		B9618296228702F500957141 /* Assets.xcassets */ = {isa = PBXFileReference; lastKnownFileType = folder.assetcatalog; path = Assets.xcassets; sourceTree = "<group>"; };
		B96182982287036400957141 /* TitleDescriptionTableViewCell.swift */ = {isa = PBXFileReference; lastKnownFileType = sourcecode.swift; path = TitleDescriptionTableViewCell.swift; sourceTree = "<group>"; };
		B96182992287036400957141 /* TitleDescriptionTableViewCell.xib */ = {isa = PBXFileReference; lastKnownFileType = file.xib; path = TitleDescriptionTableViewCell.xib; sourceTree = "<group>"; };
		B961829C22870B3200957141 /* ImageExtension.swift */ = {isa = PBXFileReference; lastKnownFileType = sourcecode.swift; path = ImageExtension.swift; sourceTree = "<group>"; };
		B961829E2287EA9B00957141 /* AddOrUpdateContactViewController.swift */ = {isa = PBXFileReference; lastKnownFileType = sourcecode.swift; path = AddOrUpdateContactViewController.swift; sourceTree = "<group>"; };
		B961829F2287EA9B00957141 /* AddOrUpdateContactViewController.xib */ = {isa = PBXFileReference; lastKnownFileType = file.xib; path = AddOrUpdateContactViewController.xib; sourceTree = "<group>"; };
		B96182A22287EFCB00957141 /* AddOrUpdateContactCoordinator.swift */ = {isa = PBXFileReference; lastKnownFileType = sourcecode.swift; path = AddOrUpdateContactCoordinator.swift; sourceTree = "<group>"; };
		B96182A422882C3C00957141 /* AddUpdateTableViewCell.swift */ = {isa = PBXFileReference; lastKnownFileType = sourcecode.swift; path = AddUpdateTableViewCell.swift; sourceTree = "<group>"; };
		B96182A522882C3C00957141 /* AddUpdateTableViewCell.xib */ = {isa = PBXFileReference; lastKnownFileType = file.xib; path = AddUpdateTableViewCell.xib; sourceTree = "<group>"; };
/* End PBXFileReference section */

/* Begin PBXFrameworksBuildPhase section */
		B96182382285893F00957141 /* Frameworks */ = {
			isa = PBXFrameworksBuildPhase;
			buildActionMask = 2147483647;
			files = (
			);
			runOnlyForDeploymentPostprocessing = 0;
		};
		B961824C2285894100957141 /* Frameworks */ = {
			isa = PBXFrameworksBuildPhase;
			buildActionMask = 2147483647;
			files = (
			);
			runOnlyForDeploymentPostprocessing = 0;
		};
		B96182572285894100957141 /* Frameworks */ = {
			isa = PBXFrameworksBuildPhase;
			buildActionMask = 2147483647;
			files = (
			);
			runOnlyForDeploymentPostprocessing = 0;
		};
/* End PBXFrameworksBuildPhase section */

/* Begin PBXGroup section */
		B96182322285893F00957141 = {
			isa = PBXGroup;
			children = (
				B961823D2285893F00957141 /* Contact */,
				B96182522285894100957141 /* ContactTests */,
				B961825D2285894100957141 /* ContactUITests */,
				B961823C2285893F00957141 /* Products */,
			);
			sourceTree = "<group>";
		};
		B961823C2285893F00957141 /* Products */ = {
			isa = PBXGroup;
			children = (
				B961823B2285893F00957141 /* Contact.app */,
				B961824F2285894100957141 /* ContactTests.xctest */,
				B961825A2285894100957141 /* ContactUITests.xctest */,
			);
			name = Products;
			sourceTree = "<group>";
		};
		B961823D2285893F00957141 /* Contact */ = {
			isa = PBXGroup;
			children = (
				B9618296228702F500957141 /* Assets.xcassets */,
				B96182952287022E00957141 /* Cell */,
				B9618294228701FA00957141 /* ViewConrollers */,
				B96182872285FEFA00957141 /* Extension */,
				B96182802285C4AA00957141 /* Assets */,
				B961827B2285953E00957141 /* Network */,
				B9618276228593EB00957141 /* Model */,
				B9618275228593D700957141 /* View Model */,
				B961826C228589B000957141 /* Cordinator */,
				B961823E2285893F00957141 /* AppDelegate.swift */,
				B96182472285894100957141 /* LaunchScreen.storyboard */,
				B961824A2285894100957141 /* Info.plist */,
				B96182852285DCCD00957141 /* CicularImageView.swift */,
			);
			path = Contact;
			sourceTree = "<group>";
		};
		B96182522285894100957141 /* ContactTests */ = {
			isa = PBXGroup;
			children = (
				B96182532285894100957141 /* ContactTests.swift */,
				B96182552285894100957141 /* Info.plist */,
			);
			path = ContactTests;
			sourceTree = "<group>";
		};
		B961825D2285894100957141 /* ContactUITests */ = {
			isa = PBXGroup;
			children = (
				B961825E2285894100957141 /* ContactUITests.swift */,
				B96182602285894100957141 /* Info.plist */,
			);
			path = ContactUITests;
			sourceTree = "<group>";
		};
		B961826C228589B000957141 /* Cordinator */ = {
			isa = PBXGroup;
			children = (
				B961826D228589D100957141 /* Coordinator.swift */,
				B961826F22858A1D00957141 /* ApplicationCoordinator.swift */,
				B961827C2285962D00957141 /* ContactCoordinator.swift */,
				B961828E22860A6500957141 /* ContactDetailCoordinator.swift */,
				B96182A22287EFCB00957141 /* AddOrUpdateContactCoordinator.swift */,
			);
			path = Cordinator;
			sourceTree = "<group>";
		};
		B9618275228593D700957141 /* View Model */ = {
			isa = PBXGroup;
			children = (
				B9618279228594CB00957141 /* ContactViewModel.swift */,
				B96182922286C41200957141 /* ContactDetailViewModel.swift */,
			);
			path = "View Model";
			sourceTree = "<group>";
		};
		B9618276228593EB00957141 /* Model */ = {
			isa = PBXGroup;
			children = (
				B96182772285941200957141 /* ContactModel.swift */,
				B96182902286C2D500957141 /* ContactDetailModel.swift */,
			);
			path = Model;
			sourceTree = "<group>";
		};
		B961827B2285953E00957141 /* Network */ = {
			isa = PBXGroup;
			children = (
				B961827E2285B86800957141 /* ContactNetworkManager.swift */,
			);
			path = Network;
			sourceTree = "<group>";
		};
		B96182802285C4AA00957141 /* Assets */ = {
			isa = PBXGroup;
			children = (
				B96182832285D5C000957141 /* Media.xcassets */,
			);
			path = Assets;
			sourceTree = "<group>";
		};
		B96182872285FEFA00957141 /* Extension */ = {
			isa = PBXGroup;
			children = (
				B96182882285FF1100957141 /* ImageViewExtension.swift */,
				B961829C22870B3200957141 /* ImageExtension.swift */,
			);
			path = Extension;
			sourceTree = "<group>";
		};
		B9618294228701FA00957141 /* ViewConrollers */ = {
			isa = PBXGroup;
			children = (
				B961828A22860A3900957141 /* ContactDetailViewController.swift */,
				B961828B22860A3900957141 /* ContactDetailViewController.xib */,
				B96182712285938300957141 /* ContactsTableViewController.swift */,
				B96182722285938300957141 /* ContactsTableViewController.xib */,
				B961829E2287EA9B00957141 /* AddOrUpdateContactViewController.swift */,
				B961829F2287EA9B00957141 /* AddOrUpdateContactViewController.xib */,
			);
			path = ViewConrollers;
			sourceTree = "<group>";
		};
		B96182952287022E00957141 /* Cell */ = {
			isa = PBXGroup;
			children = (
				B96182812285D48100957141 /* ContactTableViewCell.swift */,
				B96182982287036400957141 /* TitleDescriptionTableViewCell.swift */,
				B96182992287036400957141 /* TitleDescriptionTableViewCell.xib */,
				B96182A422882C3C00957141 /* AddUpdateTableViewCell.swift */,
				B96182A522882C3C00957141 /* AddUpdateTableViewCell.xib */,
			);
			path = Cell;
			sourceTree = "<group>";
		};
/* End PBXGroup section */

/* Begin PBXNativeTarget section */
		B961823A2285893F00957141 /* Contact */ = {
			isa = PBXNativeTarget;
			buildConfigurationList = B96182632285894100957141 /* Build configuration list for PBXNativeTarget "Contact" */;
			buildPhases = (
				B96182372285893F00957141 /* Sources */,
				B96182382285893F00957141 /* Frameworks */,
				B96182392285893F00957141 /* Resources */,
			);
			buildRules = (
			);
			dependencies = (
			);
			name = Contact;
			productName = Contact;
			productReference = B961823B2285893F00957141 /* Contact.app */;
			productType = "com.apple.product-type.application";
		};
		B961824E2285894100957141 /* ContactTests */ = {
			isa = PBXNativeTarget;
			buildConfigurationList = B96182662285894100957141 /* Build configuration list for PBXNativeTarget "ContactTests" */;
			buildPhases = (
				B961824B2285894100957141 /* Sources */,
				B961824C2285894100957141 /* Frameworks */,
				B961824D2285894100957141 /* Resources */,
			);
			buildRules = (
			);
			dependencies = (
				B96182512285894100957141 /* PBXTargetDependency */,
			);
			name = ContactTests;
			productName = ContactTests;
			productReference = B961824F2285894100957141 /* ContactTests.xctest */;
			productType = "com.apple.product-type.bundle.unit-test";
		};
		B96182592285894100957141 /* ContactUITests */ = {
			isa = PBXNativeTarget;
			buildConfigurationList = B96182692285894100957141 /* Build configuration list for PBXNativeTarget "ContactUITests" */;
			buildPhases = (
				B96182562285894100957141 /* Sources */,
				B96182572285894100957141 /* Frameworks */,
				B96182582285894100957141 /* Resources */,
			);
			buildRules = (
			);
			dependencies = (
				B961825C2285894100957141 /* PBXTargetDependency */,
			);
			name = ContactUITests;
			productName = ContactUITests;
			productReference = B961825A2285894100957141 /* ContactUITests.xctest */;
			productType = "com.apple.product-type.bundle.ui-testing";
		};
/* End PBXNativeTarget section */

/* Begin PBXProject section */
		B96182332285893F00957141 /* Project object */ = {
			isa = PBXProject;
			attributes = {
				LastSwiftUpdateCheck = 1020;
				LastUpgradeCheck = 1020;
				ORGANIZATIONNAME = Roposo;
				TargetAttributes = {
					B961823A2285893F00957141 = {
						CreatedOnToolsVersion = 10.2.1;
					};
					B961824E2285894100957141 = {
						CreatedOnToolsVersion = 10.2.1;
						TestTargetID = B961823A2285893F00957141;
					};
					B96182592285894100957141 = {
						CreatedOnToolsVersion = 10.2.1;
						TestTargetID = B961823A2285893F00957141;
					};
				};
			};
			buildConfigurationList = B96182362285893F00957141 /* Build configuration list for PBXProject "Contact" */;
			compatibilityVersion = "Xcode 9.3";
			developmentRegion = en;
			hasScannedForEncodings = 0;
			knownRegions = (
				en,
				Base,
			);
			mainGroup = B96182322285893F00957141;
			productRefGroup = B961823C2285893F00957141 /* Products */;
			projectDirPath = "";
			projectRoot = "";
			targets = (
				B961823A2285893F00957141 /* Contact */,
				B961824E2285894100957141 /* ContactTests */,
				B96182592285894100957141 /* ContactUITests */,
			);
		};
/* End PBXProject section */

/* Begin PBXResourcesBuildPhase section */
		B96182392285893F00957141 /* Resources */ = {
			isa = PBXResourcesBuildPhase;
			buildActionMask = 2147483647;
			files = (
				B96182492285894100957141 /* LaunchScreen.storyboard in Resources */,
				B96182742285938300957141 /* ContactsTableViewController.xib in Resources */,
				B96182A722882C3C00957141 /* AddUpdateTableViewCell.xib in Resources */,
				B96182842285D5C000957141 /* Media.xcassets in Resources */,
				B961829B2287036400957141 /* TitleDescriptionTableViewCell.xib in Resources */,
				B96182A12287EA9B00957141 /* AddOrUpdateContactViewController.xib in Resources */,
				B961828D22860A3900957141 /* ContactDetailViewController.xib in Resources */,
				B9618297228702F500957141 /* Assets.xcassets in Resources */,
			);
			runOnlyForDeploymentPostprocessing = 0;
		};
		B961824D2285894100957141 /* Resources */ = {
			isa = PBXResourcesBuildPhase;
			buildActionMask = 2147483647;
			files = (
			);
			runOnlyForDeploymentPostprocessing = 0;
		};
		B96182582285894100957141 /* Resources */ = {
			isa = PBXResourcesBuildPhase;
			buildActionMask = 2147483647;
			files = (
			);
			runOnlyForDeploymentPostprocessing = 0;
		};
/* End PBXResourcesBuildPhase section */

/* Begin PBXSourcesBuildPhase section */
		B96182372285893F00957141 /* Sources */ = {
			isa = PBXSourcesBuildPhase;
			buildActionMask = 2147483647;
			files = (
				B961828F22860A6500957141 /* ContactDetailCoordinator.swift in Sources */,
				B96182912286C2D500957141 /* ContactDetailModel.swift in Sources */,
				B961823F2285893F00957141 /* AppDelegate.swift in Sources */,
				B96182782285941200957141 /* ContactModel.swift in Sources */,
				B96182862285DCCD00957141 /* CicularImageView.swift in Sources */,
				B96182A02287EA9B00957141 /* AddOrUpdateContactViewController.swift in Sources */,
				B96182732285938300957141 /* ContactsTableViewController.swift in Sources */,
				B961827A228594CB00957141 /* ContactViewModel.swift in Sources */,
				B96182A32287EFCB00957141 /* AddOrUpdateContactCoordinator.swift in Sources */,
				B96182892285FF1100957141 /* ImageViewExtension.swift in Sources */,
				B96182A622882C3C00957141 /* AddUpdateTableViewCell.swift in Sources */,
				B961827D2285962D00957141 /* ContactCoordinator.swift in Sources */,
				B961829D22870B3200957141 /* ImageExtension.swift in Sources */,
				B961826E228589D100957141 /* Coordinator.swift in Sources */,
				B96182822285D48100957141 /* ContactTableViewCell.swift in Sources */,
				B961827022858A1D00957141 /* ApplicationCoordinator.swift in Sources */,
				B961828C22860A3900957141 /* ContactDetailViewController.swift in Sources */,
				B96182932286C41200957141 /* ContactDetailViewModel.swift in Sources */,
				B961827F2285B86800957141 /* ContactNetworkManager.swift in Sources */,
				B961829A2287036400957141 /* TitleDescriptionTableViewCell.swift in Sources */,
			);
			runOnlyForDeploymentPostprocessing = 0;
		};
		B961824B2285894100957141 /* Sources */ = {
			isa = PBXSourcesBuildPhase;
			buildActionMask = 2147483647;
			files = (
				B96182542285894100957141 /* ContactTests.swift in Sources */,
			);
			runOnlyForDeploymentPostprocessing = 0;
		};
		B96182562285894100957141 /* Sources */ = {
			isa = PBXSourcesBuildPhase;
			buildActionMask = 2147483647;
			files = (
				B961825F2285894100957141 /* ContactUITests.swift in Sources */,
			);
			runOnlyForDeploymentPostprocessing = 0;
		};
/* End PBXSourcesBuildPhase section */

/* Begin PBXTargetDependency section */
		B96182512285894100957141 /* PBXTargetDependency */ = {
			isa = PBXTargetDependency;
			target = B961823A2285893F00957141 /* Contact */;
			targetProxy = B96182502285894100957141 /* PBXContainerItemProxy */;
		};
		B961825C2285894100957141 /* PBXTargetDependency */ = {
			isa = PBXTargetDependency;
			target = B961823A2285893F00957141 /* Contact */;
			targetProxy = B961825B2285894100957141 /* PBXContainerItemProxy */;
		};
/* End PBXTargetDependency section */

/* Begin PBXVariantGroup section */
		B96182472285894100957141 /* LaunchScreen.storyboard */ = {
			isa = PBXVariantGroup;
			children = (
				B96182482285894100957141 /* Base */,
			);
			name = LaunchScreen.storyboard;
			sourceTree = "<group>";
		};
/* End PBXVariantGroup section */

/* Begin XCBuildConfiguration section */
		B96182612285894100957141 /* Debug */ = {
			isa = XCBuildConfiguration;
			buildSettings = {
				ALWAYS_SEARCH_USER_PATHS = NO;
				CLANG_ANALYZER_NONNULL = YES;
				CLANG_ANALYZER_NUMBER_OBJECT_CONVERSION = YES_AGGRESSIVE;
				CLANG_CXX_LANGUAGE_STANDARD = "gnu++14";
				CLANG_CXX_LIBRARY = "libc++";
				CLANG_ENABLE_MODULES = YES;
				CLANG_ENABLE_OBJC_ARC = YES;
				CLANG_ENABLE_OBJC_WEAK = YES;
				CLANG_WARN_BLOCK_CAPTURE_AUTORELEASING = YES;
				CLANG_WARN_BOOL_CONVERSION = YES;
				CLANG_WARN_COMMA = YES;
				CLANG_WARN_CONSTANT_CONVERSION = YES;
				CLANG_WARN_DEPRECATED_OBJC_IMPLEMENTATIONS = YES;
				CLANG_WARN_DIRECT_OBJC_ISA_USAGE = YES_ERROR;
				CLANG_WARN_DOCUMENTATION_COMMENTS = YES;
				CLANG_WARN_EMPTY_BODY = YES;
				CLANG_WARN_ENUM_CONVERSION = YES;
				CLANG_WARN_INFINITE_RECURSION = YES;
				CLANG_WARN_INT_CONVERSION = YES;
				CLANG_WARN_NON_LITERAL_NULL_CONVERSION = YES;
				CLANG_WARN_OBJC_IMPLICIT_RETAIN_SELF = YES;
				CLANG_WARN_OBJC_LITERAL_CONVERSION = YES;
				CLANG_WARN_OBJC_ROOT_CLASS = YES_ERROR;
				CLANG_WARN_RANGE_LOOP_ANALYSIS = YES;
				CLANG_WARN_STRICT_PROTOTYPES = YES;
				CLANG_WARN_SUSPICIOUS_MOVE = YES;
				CLANG_WARN_UNGUARDED_AVAILABILITY = YES_AGGRESSIVE;
				CLANG_WARN_UNREACHABLE_CODE = YES;
				CLANG_WARN__DUPLICATE_METHOD_MATCH = YES;
				CODE_SIGN_IDENTITY = "iPhone Developer";
				COPY_PHASE_STRIP = NO;
				DEBUG_INFORMATION_FORMAT = dwarf;
				ENABLE_STRICT_OBJC_MSGSEND = YES;
				ENABLE_TESTABILITY = YES;
				GCC_C_LANGUAGE_STANDARD = gnu11;
				GCC_DYNAMIC_NO_PIC = NO;
				GCC_NO_COMMON_BLOCKS = YES;
				GCC_OPTIMIZATION_LEVEL = 0;
				GCC_PREPROCESSOR_DEFINITIONS = (
					"DEBUG=1",
					"$(inherited)",
				);
				GCC_WARN_64_TO_32_BIT_CONVERSION = YES;
				GCC_WARN_ABOUT_RETURN_TYPE = YES_ERROR;
				GCC_WARN_UNDECLARED_SELECTOR = YES;
				GCC_WARN_UNINITIALIZED_AUTOS = YES_AGGRESSIVE;
				GCC_WARN_UNUSED_FUNCTION = YES;
				GCC_WARN_UNUSED_VARIABLE = YES;
				IPHONEOS_DEPLOYMENT_TARGET = 11.1;
				MTL_ENABLE_DEBUG_INFO = INCLUDE_SOURCE;
				MTL_FAST_MATH = YES;
				ONLY_ACTIVE_ARCH = YES;
				SDKROOT = iphoneos;
				SWIFT_ACTIVE_COMPILATION_CONDITIONS = DEBUG;
				SWIFT_OPTIMIZATION_LEVEL = "-Onone";
			};
			name = Debug;
		};
		B96182622285894100957141 /* Release */ = {
			isa = XCBuildConfiguration;
			buildSettings = {
				ALWAYS_SEARCH_USER_PATHS = NO;
				CLANG_ANALYZER_NONNULL = YES;
				CLANG_ANALYZER_NUMBER_OBJECT_CONVERSION = YES_AGGRESSIVE;
				CLANG_CXX_LANGUAGE_STANDARD = "gnu++14";
				CLANG_CXX_LIBRARY = "libc++";
				CLANG_ENABLE_MODULES = YES;
				CLANG_ENABLE_OBJC_ARC = YES;
				CLANG_ENABLE_OBJC_WEAK = YES;
				CLANG_WARN_BLOCK_CAPTURE_AUTORELEASING = YES;
				CLANG_WARN_BOOL_CONVERSION = YES;
				CLANG_WARN_COMMA = YES;
				CLANG_WARN_CONSTANT_CONVERSION = YES;
				CLANG_WARN_DEPRECATED_OBJC_IMPLEMENTATIONS = YES;
				CLANG_WARN_DIRECT_OBJC_ISA_USAGE = YES_ERROR;
				CLANG_WARN_DOCUMENTATION_COMMENTS = YES;
				CLANG_WARN_EMPTY_BODY = YES;
				CLANG_WARN_ENUM_CONVERSION = YES;
				CLANG_WARN_INFINITE_RECURSION = YES;
				CLANG_WARN_INT_CONVERSION = YES;
				CLANG_WARN_NON_LITERAL_NULL_CONVERSION = YES;
				CLANG_WARN_OBJC_IMPLICIT_RETAIN_SELF = YES;
				CLANG_WARN_OBJC_LITERAL_CONVERSION = YES;
				CLANG_WARN_OBJC_ROOT_CLASS = YES_ERROR;
				CLANG_WARN_RANGE_LOOP_ANALYSIS = YES;
				CLANG_WARN_STRICT_PROTOTYPES = YES;
				CLANG_WARN_SUSPICIOUS_MOVE = YES;
				CLANG_WARN_UNGUARDED_AVAILABILITY = YES_AGGRESSIVE;
				CLANG_WARN_UNREACHABLE_CODE = YES;
				CLANG_WARN__DUPLICATE_METHOD_MATCH = YES;
				CODE_SIGN_IDENTITY = "iPhone Developer";
				COPY_PHASE_STRIP = NO;
				DEBUG_INFORMATION_FORMAT = "dwarf-with-dsym";
				ENABLE_NS_ASSERTIONS = NO;
				ENABLE_STRICT_OBJC_MSGSEND = YES;
				GCC_C_LANGUAGE_STANDARD = gnu11;
				GCC_NO_COMMON_BLOCKS = YES;
				GCC_WARN_64_TO_32_BIT_CONVERSION = YES;
				GCC_WARN_ABOUT_RETURN_TYPE = YES_ERROR;
				GCC_WARN_UNDECLARED_SELECTOR = YES;
				GCC_WARN_UNINITIALIZED_AUTOS = YES_AGGRESSIVE;
				GCC_WARN_UNUSED_FUNCTION = YES;
				GCC_WARN_UNUSED_VARIABLE = YES;
				IPHONEOS_DEPLOYMENT_TARGET = 11.1;
				MTL_ENABLE_DEBUG_INFO = NO;
				MTL_FAST_MATH = YES;
				SDKROOT = iphoneos;
				SWIFT_COMPILATION_MODE = wholemodule;
				SWIFT_OPTIMIZATION_LEVEL = "-O";
				VALIDATE_PRODUCT = YES;
			};
			name = Release;
		};
		B96182642285894100957141 /* Debug */ = {
			isa = XCBuildConfiguration;
			buildSettings = {
				ASSETCATALOG_COMPILER_APPICON_NAME = AppIcon;
				CODE_SIGN_STYLE = Automatic;
				DEVELOPMENT_TEAM = Y4NM28BGLN;
				INFOPLIST_FILE = Contact/Info.plist;
				LD_RUNPATH_SEARCH_PATHS = (
					"$(inherited)",
					"@executable_path/Frameworks",
				);
				PRODUCT_BUNDLE_IDENTIFIER = com.razeware.Contact;
				PRODUCT_NAME = "$(TARGET_NAME)";
				SWIFT_VERSION = 5.0;
				TARGETED_DEVICE_FAMILY = "1,2";
			};
			name = Debug;
		};
		B96182652285894100957141 /* Release */ = {
			isa = XCBuildConfiguration;
			buildSettings = {
				ASSETCATALOG_COMPILER_APPICON_NAME = AppIcon;
				CODE_SIGN_STYLE = Automatic;
				DEVELOPMENT_TEAM = Y4NM28BGLN;
				INFOPLIST_FILE = Contact/Info.plist;
				LD_RUNPATH_SEARCH_PATHS = (
					"$(inherited)",
					"@executable_path/Frameworks",
				);
				PRODUCT_BUNDLE_IDENTIFIER = com.razeware.Contact;
				PRODUCT_NAME = "$(TARGET_NAME)";
				SWIFT_VERSION = 5.0;
				TARGETED_DEVICE_FAMILY = "1,2";
			};
			name = Release;
		};
		B96182672285894100957141 /* Debug */ = {
			isa = XCBuildConfiguration;
			buildSettings = {
				ALWAYS_EMBED_SWIFT_STANDARD_LIBRARIES = YES;
				BUNDLE_LOADER = "$(TEST_HOST)";
				CODE_SIGN_STYLE = Automatic;
				DEVELOPMENT_TEAM = Y4NM28BGLN;
				INFOPLIST_FILE = ContactTests/Info.plist;
				LD_RUNPATH_SEARCH_PATHS = (
					"$(inherited)",
					"@executable_path/Frameworks",
					"@loader_path/Frameworks",
				);
				PRODUCT_BUNDLE_IDENTIFIER = com.razeware.ContactTests;
				PRODUCT_NAME = "$(TARGET_NAME)";
				SWIFT_VERSION = 5.0;
				TARGETED_DEVICE_FAMILY = "1,2";
				TEST_HOST = "$(BUILT_PRODUCTS_DIR)/Contact.app/Contact";
			};
			name = Debug;
		};
		B96182682285894100957141 /* Release */ = {
			isa = XCBuildConfiguration;
			buildSettings = {
				ALWAYS_EMBED_SWIFT_STANDARD_LIBRARIES = YES;
				BUNDLE_LOADER = "$(TEST_HOST)";
				CODE_SIGN_STYLE = Automatic;
				DEVELOPMENT_TEAM = Y4NM28BGLN;
				INFOPLIST_FILE = ContactTests/Info.plist;
				LD_RUNPATH_SEARCH_PATHS = (
					"$(inherited)",
					"@executable_path/Frameworks",
					"@loader_path/Frameworks",
				);
				PRODUCT_BUNDLE_IDENTIFIER = com.razeware.ContactTests;
				PRODUCT_NAME = "$(TARGET_NAME)";
				SWIFT_VERSION = 5.0;
				TARGETED_DEVICE_FAMILY = "1,2";
				TEST_HOST = "$(BUILT_PRODUCTS_DIR)/Contact.app/Contact";
			};
			name = Release;
		};
		B961826A2285894100957141 /* Debug */ = {
			isa = XCBuildConfiguration;
			buildSettings = {
				ALWAYS_EMBED_SWIFT_STANDARD_LIBRARIES = YES;
				CODE_SIGN_STYLE = Automatic;
				DEVELOPMENT_TEAM = Y4NM28BGLN;
				INFOPLIST_FILE = ContactUITests/Info.plist;
				LD_RUNPATH_SEARCH_PATHS = (
					"$(inherited)",
					"@executable_path/Frameworks",
					"@loader_path/Frameworks",
				);
				PRODUCT_BUNDLE_IDENTIFIER = com.razeware.ContactUITests;
				PRODUCT_NAME = "$(TARGET_NAME)";
				SWIFT_VERSION = 5.0;
				TARGETED_DEVICE_FAMILY = "1,2";
				TEST_TARGET_NAME = Contact;
			};
			name = Debug;
		};
		B961826B2285894100957141 /* Release */ = {
			isa = XCBuildConfiguration;
			buildSettings = {
				ALWAYS_EMBED_SWIFT_STANDARD_LIBRARIES = YES;
				CODE_SIGN_STYLE = Automatic;
				DEVELOPMENT_TEAM = Y4NM28BGLN;
				INFOPLIST_FILE = ContactUITests/Info.plist;
				LD_RUNPATH_SEARCH_PATHS = (
					"$(inherited)",
					"@executable_path/Frameworks",
					"@loader_path/Frameworks",
				);
				PRODUCT_BUNDLE_IDENTIFIER = com.razeware.ContactUITests;
				PRODUCT_NAME = "$(TARGET_NAME)";
				SWIFT_VERSION = 5.0;
				TARGETED_DEVICE_FAMILY = "1,2";
				TEST_TARGET_NAME = Contact;
			};
			name = Release;
		};
/* End XCBuildConfiguration section */

/* Begin XCConfigurationList section */
		B96182362285893F00957141 /* Build configuration list for PBXProject "Contact" */ = {
			isa = XCConfigurationList;
			buildConfigurations = (
				B96182612285894100957141 /* Debug */,
				B96182622285894100957141 /* Release */,
			);
			defaultConfigurationIsVisible = 0;
			defaultConfigurationName = Release;
		};
		B96182632285894100957141 /* Build configuration list for PBXNativeTarget "Contact" */ = {
			isa = XCConfigurationList;
			buildConfigurations = (
				B96182642285894100957141 /* Debug */,
				B96182652285894100957141 /* Release */,
			);
			defaultConfigurationIsVisible = 0;
			defaultConfigurationName = Release;
		};
		B96182662285894100957141 /* Build configuration list for PBXNativeTarget "ContactTests" */ = {
			isa = XCConfigurationList;
			buildConfigurations = (
				B96182672285894100957141 /* Debug */,
				B96182682285894100957141 /* Release */,
			);
			defaultConfigurationIsVisible = 0;
			defaultConfigurationName = Release;
		};
		B96182692285894100957141 /* Build configuration list for PBXNativeTarget "ContactUITests" */ = {
			isa = XCConfigurationList;
			buildConfigurations = (
				B961826A2285894100957141 /* Debug */,
				B961826B2285894100957141 /* Release */,
			);
			defaultConfigurationIsVisible = 0;
			defaultConfigurationName = Release;
		};
/* End XCConfigurationList section */
	};
	rootObject = B96182332285893F00957141 /* Project object */;
}
